// !$*UTF8*$!
{
	archiveVersion = 1;
	classes = {
	};
	objectVersion = 46;
	objects = {

/* Begin PBXBuildFile section */
		1C1ECD491EF90C38002CBF41 /* main.cpp in Sources */ = {isa = PBXBuildFile; fileRef = 1C1ECD481EF90C38002CBF41 /* main.cpp */; };
		1C1ECD531EF90C5F002CBF41 /* macho_module.cpp in Sources */ = {isa = PBXBuildFile; fileRef = 1C1ECD4F1EF90C5F002CBF41 /* macho_module.cpp */; };
		1C1ECD541EF90C5F002CBF41 /* macho_utils.cpp in Sources */ = {isa = PBXBuildFile; fileRef = 1C1ECD511EF90C5F002CBF41 /* macho_utils.cpp */; };
		1C22CEFA1EFBBE770061C7A3 /* macho_objc_method.cpp in Sources */ = {isa = PBXBuildFile; fileRef = 1C22CEF81EFBBE770061C7A3 /* macho_objc_method.cpp */; };
		1C22CEFD1EFBC04B0061C7A3 /* macho_objc_class.cpp in Sources */ = {isa = PBXBuildFile; fileRef = 1C22CEFB1EFBC04B0061C7A3 /* macho_objc_class.cpp */; };
/* End PBXBuildFile section */

/* Begin PBXCopyFilesBuildPhase section */
		1C1ECD431EF90C38002CBF41 /* CopyFiles */ = {
			isa = PBXCopyFilesBuildPhase;
			buildActionMask = 2147483647;
			dstPath = /usr/share/man/man1/;
			dstSubfolderSpec = 0;
			files = (
			);
			runOnlyForDeploymentPostprocessing = 1;
		};
/* End PBXCopyFilesBuildPhase section */

/* Begin PBXFileReference section */
		1C1ECD451EF90C38002CBF41 /* odump */ = {isa = PBXFileReference; explicitFileType = "compiled.mach-o.executable"; includeInIndex = 0; path = odump; sourceTree = BUILT_PRODUCTS_DIR; };
		1C1ECD481EF90C38002CBF41 /* main.cpp */ = {isa = PBXFileReference; lastKnownFileType = sourcecode.cpp.cpp; path = main.cpp; sourceTree = "<group>"; };
		1C1ECD4F1EF90C5F002CBF41 /* macho_module.cpp */ = {isa = PBXFileReference; fileEncoding = 4; lastKnownFileType = sourcecode.cpp.cpp; path = macho_module.cpp; sourceTree = "<group>"; };
		1C1ECD501EF90C5F002CBF41 /* macho_module.h */ = {isa = PBXFileReference; fileEncoding = 4; lastKnownFileType = sourcecode.c.h; path = macho_module.h; sourceTree = "<group>"; };
		1C1ECD511EF90C5F002CBF41 /* macho_utils.cpp */ = {isa = PBXFileReference; fileEncoding = 4; lastKnownFileType = sourcecode.cpp.cpp; path = macho_utils.cpp; sourceTree = "<group>"; };
		1C1ECD521EF90C5F002CBF41 /* macho_utils.hpp */ = {isa = PBXFileReference; fileEncoding = 4; lastKnownFileType = sourcecode.cpp.h; path = macho_utils.hpp; sourceTree = "<group>"; };
		1C22CEF71EFA7C020061C7A3 /* objc_utils.h */ = {isa = PBXFileReference; lastKnownFileType = sourcecode.c.h; path = objc_utils.h; sourceTree = "<group>"; };
		1C22CEF81EFBBE770061C7A3 /* macho_objc_method.cpp */ = {isa = PBXFileReference; fileEncoding = 4; lastKnownFileType = sourcecode.cpp.cpp; path = macho_objc_method.cpp; sourceTree = "<group>"; };
		1C22CEF91EFBBE770061C7A3 /* macho_objc_method.h */ = {isa = PBXFileReference; fileEncoding = 4; lastKnownFileType = sourcecode.c.h; path = macho_objc_method.h; sourceTree = "<group>"; };
		1C22CEFB1EFBC04B0061C7A3 /* macho_objc_class.cpp */ = {isa = PBXFileReference; fileEncoding = 4; lastKnownFileType = sourcecode.cpp.cpp; path = macho_objc_class.cpp; sourceTree = "<group>"; };
		1C22CEFC1EFBC04B0061C7A3 /* macho_objc_class.h */ = {isa = PBXFileReference; fileEncoding = 4; lastKnownFileType = sourcecode.c.h; path = macho_objc_class.h; sourceTree = "<group>"; };
/* End PBXFileReference section */

/* Begin PBXFrameworksBuildPhase section */
		1C1ECD421EF90C38002CBF41 /* Frameworks */ = {
			isa = PBXFrameworksBuildPhase;
			buildActionMask = 2147483647;
			files = (
			);
			runOnlyForDeploymentPostprocessing = 0;
		};
/* End PBXFrameworksBuildPhase section */

/* Begin PBXGroup section */
		1C1ECD3C1EF90C38002CBF41 = {
			isa = PBXGroup;
			children = (
				1C1ECD471EF90C38002CBF41 /* odump */,
				1C1ECD461EF90C38002CBF41 /* Products */,
			);
			sourceTree = "<group>";
		};
		1C1ECD461EF90C38002CBF41 /* Products */ = {
			isa = PBXGroup;
			children = (
				1C1ECD451EF90C38002CBF41 /* odump */,
			);
			name = Products;
			sourceTree = "<group>";
		};
		1C1ECD471EF90C38002CBF41 /* odump */ = {
			isa = PBXGroup;
			children = (
				1C1ECD4F1EF90C5F002CBF41 /* macho_module.cpp */,
				1C1ECD501EF90C5F002CBF41 /* macho_module.h */,
				1C1ECD511EF90C5F002CBF41 /* macho_utils.cpp */,
				1C1ECD521EF90C5F002CBF41 /* macho_utils.hpp */,
				1C1ECD481EF90C38002CBF41 /* main.cpp */,
				1C22CEF71EFA7C020061C7A3 /* objc_utils.h */,
				1C22CEF81EFBBE770061C7A3 /* macho_objc_method.cpp */,
				1C22CEF91EFBBE770061C7A3 /* macho_objc_method.h */,
				1C22CEFB1EFBC04B0061C7A3 /* macho_objc_class.cpp */,
				1C22CEFC1EFBC04B0061C7A3 /* macho_objc_class.h */,
			);
			path = odump;
			sourceTree = "<group>";
		};
/* End PBXGroup section */

/* Begin PBXNativeTarget section */
		1C1ECD441EF90C38002CBF41 /* odump */ = {
			isa = PBXNativeTarget;
			buildConfigurationList = 1C1ECD4C1EF90C38002CBF41 /* Build configuration list for PBXNativeTarget "odump" */;
			buildPhases = (
				1C1ECD411EF90C38002CBF41 /* Sources */,
				1C1ECD421EF90C38002CBF41 /* Frameworks */,
				1C1ECD431EF90C38002CBF41 /* CopyFiles */,
			);
			buildRules = (
			);
			dependencies = (
			);
			name = odump;
			productName = odump;
			productReference = 1C1ECD451EF90C38002CBF41 /* odump */;
			productType = "com.apple.product-type.tool";
		};
/* End PBXNativeTarget section */

/* Begin PBXProject section */
		1C1ECD3D1EF90C38002CBF41 /* Project object */ = {
			isa = PBXProject;
			attributes = {
				LastUpgradeCheck = 0830;
				ORGANIZATIONNAME = ChinaNetCenter;
				TargetAttributes = {
					1C1ECD441EF90C38002CBF41 = {
						CreatedOnToolsVersion = 8.3.3;
						DevelopmentTeam = S6NQ524Y5V;
						ProvisioningStyle = Automatic;
					};
				};
			};
			buildConfigurationList = 1C1ECD401EF90C38002CBF41 /* Build configuration list for PBXProject "odump" */;
			compatibilityVersion = "Xcode 3.2";
			developmentRegion = English;
			hasScannedForEncodings = 0;
			knownRegions = (
				en,
			);
			mainGroup = 1C1ECD3C1EF90C38002CBF41;
			productRefGroup = 1C1ECD461EF90C38002CBF41 /* Products */;
			projectDirPath = "";
			projectRoot = "";
			targets = (
				1C1ECD441EF90C38002CBF41 /* odump */,
			);
		};
/* End PBXProject section */

/* Begin PBXSourcesBuildPhase section */
		1C1ECD411EF90C38002CBF41 /* Sources */ = {
			isa = PBXSourcesBuildPhase;
			buildActionMask = 2147483647;
			files = (
				1C1ECD541EF90C5F002CBF41 /* macho_utils.cpp in Sources */,
				1C22CEFD1EFBC04B0061C7A3 /* macho_objc_class.cpp in Sources */,
				1C1ECD531EF90C5F002CBF41 /* macho_module.cpp in Sources */,
				1C1ECD491EF90C38002CBF41 /* main.cpp in Sources */,
				1C22CEFA1EFBBE770061C7A3 /* macho_objc_method.cpp in Sources */,
			);
			runOnlyForDeploymentPostprocessing = 0;
		};
/* End PBXSourcesBuildPhase section */

/* Begin XCBuildConfiguration section */
		1C1ECD4A1EF90C38002CBF41 /* Debug */ = {
			isa = XCBuildConfiguration;
			buildSettings = {
				ALWAYS_SEARCH_USER_PATHS = NO;
				CLANG_ANALYZER_NONNULL = YES;
				CLANG_ANALYZER_NUMBER_OBJECT_CONVERSION = YES_AGGRESSIVE;
				CLANG_CXX_LANGUAGE_STANDARD = "gnu++0x";
				CLANG_CXX_LIBRARY = "libc++";
				CLANG_ENABLE_MODULES = YES;
				CLANG_ENABLE_OBJC_ARC = YES;
				CLANG_WARN_BOOL_CONVERSION = YES;
				CLANG_WARN_CONSTANT_CONVERSION = YES;
				CLANG_WARN_DIRECT_OBJC_ISA_USAGE = YES_ERROR;
				CLANG_WARN_DOCUMENTATION_COMMENTS = YES;
				CLANG_WARN_EMPTY_BODY = YES;
				CLANG_WARN_ENUM_CONVERSION = YES;
				CLANG_WARN_INFINITE_RECURSION = YES;
				CLANG_WARN_INT_CONVERSION = YES;
				CLANG_WARN_OBJC_ROOT_CLASS = YES_ERROR;
				CLANG_WARN_SUSPICIOUS_MOVE = YES;
				CLANG_WARN_UNREACHABLE_CODE = YES;
				CLANG_WARN__DUPLICATE_METHOD_MATCH = YES;
				CODE_SIGN_IDENTITY = "-";
				COPY_PHASE_STRIP = NO;
				DEBUG_INFORMATION_FORMAT = dwarf;
				ENABLE_STRICT_OBJC_MSGSEND = YES;
				ENABLE_TESTABILITY = YES;
				GCC_C_LANGUAGE_STANDARD = gnu99;
				GCC_DYNAMIC_NO_PIC = NO;
				GCC_NO_COMMON_BLOCKS = YES;
				GCC_OPTIMIZATION_LEVEL = 0;
				GCC_PREPROCESSOR_DEFINITIONS = (
					"DEBUG=1",
					"$(inherited)",
				);
				GCC_WARN_64_TO_32_BIT_CONVERSION = YES;
				GCC_WARN_ABOUT_RETURN_TYPE = YES_ERROR;
				GCC_WARN_UNDECLARED_SELECTOR = YES;
				GCC_WARN_UNINITIALIZED_AUTOS = YES_AGGRESSIVE;
				GCC_WARN_UNUSED_FUNCTION = YES;
				GCC_WARN_UNUSED_VARIABLE = YES;
				MACOSX_DEPLOYMENT_TARGET = 10.12;
				MTL_ENABLE_DEBUG_INFO = YES;
				ONLY_ACTIVE_ARCH = YES;
				SDKROOT = macosx;
			};
			name = Debug;
		};
		1C1ECD4B1EF90C38002CBF41 /* Release */ = {
			isa = XCBuildConfiguration;
			buildSettings = {
				ALWAYS_SEARCH_USER_PATHS = NO;
				CLANG_ANALYZER_NONNULL = YES;
				CLANG_ANALYZER_NUMBER_OBJECT_CONVERSION = YES_AGGRESSIVE;
				CLANG_CXX_LANGUAGE_STANDARD = "gnu++0x";
				CLANG_CXX_LIBRARY = "libc++";
				CLANG_ENABLE_MODULES = YES;
				CLANG_ENABLE_OBJC_ARC = YES;
				CLANG_WARN_BOOL_CONVERSION = YES;
				CLANG_WARN_CONSTANT_CONVERSION = YES;
				CLANG_WARN_DIRECT_OBJC_ISA_USAGE = YES_ERROR;
				CLANG_WARN_DOCUMENTATION_COMMENTS = YES;
				CLANG_WARN_EMPTY_BODY = YES;
				CLANG_WARN_ENUM_CONVERSION = YES;
				CLANG_WARN_INFINITE_RECURSION = YES;
				CLANG_WARN_INT_CONVERSION = YES;
				CLANG_WARN_OBJC_ROOT_CLASS = YES_ERROR;
				CLANG_WARN_SUSPICIOUS_MOVE = YES;
				CLANG_WARN_UNREACHABLE_CODE = YES;
				CLANG_WARN__DUPLICATE_METHOD_MATCH = YES;
				CODE_SIGN_IDENTITY = "-";
				COPY_PHASE_STRIP = NO;
				DEBUG_INFORMATION_FORMAT = "dwarf-with-dsym";
				ENABLE_NS_ASSERTIONS = NO;
				ENABLE_STRICT_OBJC_MSGSEND = YES;
				GCC_C_LANGUAGE_STANDARD = gnu99;
				GCC_NO_COMMON_BLOCKS = YES;
				GCC_WARN_64_TO_32_BIT_CONVERSION = YES;
				GCC_WARN_ABOUT_RETURN_TYPE = YES_ERROR;
				GCC_WARN_UNDECLARED_SELECTOR = YES;
				GCC_WARN_UNINITIALIZED_AUTOS = YES_AGGRESSIVE;
				GCC_WARN_UNUSED_FUNCTION = YES;
				GCC_WARN_UNUSED_VARIABLE = YES;
				MACOSX_DEPLOYMENT_TARGET = 10.12;
				MTL_ENABLE_DEBUG_INFO = NO;
				SDKROOT = macosx;
			};
			name = Release;
		};
		1C1ECD4D1EF90C38002CBF41 /* Debug */ = {
			isa = XCBuildConfiguration;
			buildSettings = {
				DEVELOPMENT_TEAM = S6NQ524Y5V;
				PRODUCT_NAME = "$(TARGET_NAME)";
			};
			name = Debug;
		};
		1C1ECD4E1EF90C38002CBF41 /* Release */ = {
			isa = XCBuildConfiguration;
			buildSettings = {
				DEVELOPMENT_TEAM = S6NQ524Y5V;
				PRODUCT_NAME = "$(TARGET_NAME)";
			};
			name = Release;
		};
/* End XCBuildConfiguration section */

/* Begin XCConfigurationList section */
		1C1ECD401EF90C38002CBF41 /* Build configuration list for PBXProject "odump" */ = {
			isa = XCConfigurationList;
			buildConfigurations = (
				1C1ECD4A1EF90C38002CBF41 /* Debug */,
				1C1ECD4B1EF90C38002CBF41 /* Release */,
			);
			defaultConfigurationIsVisible = 0;
			defaultConfigurationName = Release;
		};
		1C1ECD4C1EF90C38002CBF41 /* Build configuration list for PBXNativeTarget "odump" */ = {
			isa = XCConfigurationList;
			buildConfigurations = (
				1C1ECD4D1EF90C38002CBF41 /* Debug */,
				1C1ECD4E1EF90C38002CBF41 /* Release */,
			);
			defaultConfigurationIsVisible = 0;
			defaultConfigurationName = Release;
		};
/* End XCConfigurationList section */
	};
	rootObject = 1C1ECD3D1EF90C38002CBF41 /* Project object */;
}
